
Microsoft Visual Studio Solution File, Format Version 12.00
# Visual Studio Version 17
VisualStudioVersion = 17.14.36212.18 d17.14
MinimumVisualStudioVersion = 10.0.40219.1
Project("{FAE04EC0-301F-11D3-BF4B-00C04F79EFBC}") = "WeatherBackend", "WeatherBackend\WeatherBackend.csproj", "{CDE28B61-5719-4C7E-A25D-9E75009FE683}"
EndProject
Global
	GlobalSection(SolutionConfigurationPlatforms) = preSolution
		Debug|Any CPU = Debug|Any CPU
		Release|Any CPU = Release|Any CPU
	EndGlobalSection
	GlobalSection(ProjectConfigurationPlatforms) = postSolution
		{CDE28B61-5719-4C7E-A25D-9E75009FE683}.Debug|Any CPU.ActiveCfg = Debug|Any CPU
		{CDE28B61-5719-4C7E-A25D-9E75009FE683}.Debug|Any CPU.Build.0 = Debug|Any CPU
		{CDE28B61-5719-4C7E-A25D-9E75009FE683}.Release|Any CPU.ActiveCfg = Release|Any CPU
		{CDE28B61-5719-4C7E-A25D-9E75009FE683}.Release|Any CPU.Build.0 = Release|Any CPU
	EndGlobalSection
	GlobalSection(SolutionProperties) = preSolution
		HideSolutionNode = FALSE
	EndGlobalSection
	GlobalSection(ExtensibilityGlobals) = postSolution
		SolutionGuid = {73D66A25-3744-4AE7-90A4-B847E08889A1}
	EndGlobalSection
EndGlobal
